
Microsoft Visual Studio Solution File, Format Version 12.00
# Visual Studio Version 17
VisualStudioVersion = 17.13.35825.156 d17.13
MinimumVisualStudioVersion = 10.0.40219.1
Project("{8BC9CEB8-8B4A-11D0-8D11-00A0C91BC942}") = "RACEDLL", "RACEDLL\RACEDLL.vcxproj", "{3975D326-79A8-4A78-9C2E-9BDE9C15FE63}"
EndProject
Project("{8BC9CEB8-8B4A-11D0-8D11-00A0C91BC942}") = "RaceClient", "RaceClient\RaceClient.vcxproj", "{014880CD-5A38-4597-8538-9F5900FF9580}"
EndProject
Global
	GlobalSection(SolutionConfigurationPlatforms) = preSolution
		Debug|x64 = Debug|x64
		Debug|x86 = Debug|x86
		Release|x64 = Release|x64
		Release|x86 = Release|x86
	EndGlobalSection
	GlobalSection(ProjectConfigurationPlatforms) = postSolution
		{3975D326-79A8-4A78-9C2E-9BDE9C15FE63}.Debug|x64.ActiveCfg = Debug|x64
		{3975D326-79A8-4A78-9C2E-9BDE9C15FE63}.Debug|x64.Build.0 = Debug|x64
		{3975D326-79A8-4A78-9C2E-9BDE9C15FE63}.Debug|x86.ActiveCfg = Debug|Win32
		{3975D326-79A8-4A78-9C2E-9BDE9C15FE63}.Debug|x86.Build.0 = Debug|Win32
		{3975D326-79A8-4A78-9C2E-9BDE9C15FE63}.Release|x64.ActiveCfg = Release|x64
		{3975D326-79A8-4A78-9C2E-9BDE9C15FE63}.Release|x64.Build.0 = Release|x64
		{3975D326-79A8-4A78-9C2E-9BDE9C15FE63}.Release|x86.ActiveCfg = Release|Win32
		{3975D326-79A8-4A78-9C2E-9BDE9C15FE63}.Release|x86.Build.0 = Release|Win32
		{014880CD-5A38-4597-8538-9F5900FF9580}.Debug|x64.ActiveCfg = Debug|x64
		{014880CD-5A38-4597-8538-9F5900FF9580}.Debug|x64.Build.0 = Debug|x64
		{014880CD-5A38-4597-8538-9F5900FF9580}.Debug|x86.ActiveCfg = Debug|Win32
		{014880CD-5A38-4597-8538-9F5900FF9580}.Debug|x86.Build.0 = Debug|Win32
		{014880CD-5A38-4597-8538-9F5900FF9580}.Release|x64.ActiveCfg = Release|x64
		{014880CD-5A38-4597-8538-9F5900FF9580}.Release|x64.Build.0 = Release|x64
		{014880CD-5A38-4597-8538-9F5900FF9580}.Release|x86.ActiveCfg = Release|Win32
		{014880CD-5A38-4597-8538-9F5900FF9580}.Release|x86.Build.0 = Release|Win32
	EndGlobalSection
	GlobalSection(SolutionProperties) = preSolution
		HideSolutionNode = FALSE
	EndGlobalSection
	GlobalSection(ExtensibilityGlobals) = postSolution
		SolutionGuid = {5F08D9B4-FE3B-450C-9057-F55B518DB697}
	EndGlobalSection
EndGlobal
